{
  "nodes": {
    "crane": {
      "locked": {
        "lastModified": 1755993354,
        "narHash": "sha256-FCRRAzSaL/+umLIm3RU3O/+fJ2ssaPHseI2SSFL8yZU=",
        "owner": "ipetkov",
        "repo": "crane",
        "rev": "25bd41b24426c7734278c2ff02e53258851db914",
        "type": "github"
      },
      "original": {
        "owner": "ipetkov",
        "repo": "crane",
        "type": "github"
      }
    },
    "nixpkgs": {
      "locked": {
        "lastModified": 1757651841,
        "narHash": "sha256-Lh9QoMzTjY/O4LqNwcm6s/WSYStDmCH6f3V/izwlkHc=",
        "owner": "NixOS",
        "repo": "nixpkgs",
        "rev": "ad4e6dd68c30bc8bd1860a27bc6f0c485bd7f3b6",
        "type": "github"
      },
      "original": {
        "owner": "NixOS",
        "ref": "nixpkgs-unstable",
        "repo": "nixpkgs",
        "type": "github"
      }
    },
    "root": {
      "inputs": {
        "nixpkgs": "nixpkgs",
        "wild": "wild"
      }
    },
    "wild": {
      "inputs": {
        "crane": "crane",
        "nixpkgs": [
          "nixpkgs"
        ]
      },
      "locked": {
        "lastModified": 1757686411,
        "narHash": "sha256-+g4op9GrrjcEJKRXJZfaDo2GjpWCaoeRhMVxgeAaf9A=",
        "owner": "davidlattimore",
        "repo": "wild",
        "rev": "90d0b4fc03c23af2cd446df44f73d056418827bd",
        "type": "github"
      },
      "original": {
        "owner": "davidlattimore",
        "repo": "wild",
        "type": "github"
      }
    }
  },
  "root": "root",
  "version": 7
}
